
Microsoft Visual Studio Solution File, Format Version 12.00
# Visual Studio Version 16
VisualStudioVersion = 16.0.29911.84
MinimumVisualStudioVersion = 10.0.40219.1
Project("{FAE04EC0-301F-11D3-BF4B-00C04F79EFBC}") = "PolymorphismInterface", "PolymorphismInterface.csproj", "{994F7B2A-DBBE-4A65-8E1B-820479D7DB89}"
EndProject
Global
	GlobalSection(SolutionConfigurationPlatforms) = preSolution
		Debug|Any CPU = Debug|Any CPU
		Release|Any CPU = Release|Any CPU
	EndGlobalSection
	GlobalSection(ProjectConfigurationPlatforms) = postSolution
		{994F7B2A-DBBE-4A65-8E1B-820479D7DB89}.Debug|Any CPU.ActiveCfg = Debug|Any CPU
		{994F7B2A-DBBE-4A65-8E1B-820479D7DB89}.Debug|Any CPU.Build.0 = Debug|Any CPU
		{994F7B2A-DBBE-4A65-8E1B-820479D7DB89}.Release|Any CPU.ActiveCfg = Release|Any CPU
		{994F7B2A-DBBE-4A65-8E1B-820479D7DB89}.Release|Any CPU.Build.0 = Release|Any CPU
	EndGlobalSection
	GlobalSection(SolutionProperties) = preSolution
		HideSolutionNode = FALSE
	EndGlobalSection
	GlobalSection(ExtensibilityGlobals) = postSolution
		SolutionGuid = {62B94B65-0E41-4C68-9B40-4E140DE2A462}
	EndGlobalSection
EndGlobal
